// !$*UTF8*$!
{
	archiveVersion = 1;
	classes = {
	};
	objectVersion = 42;
	objects = {

/* Begin PBXBuildFile section */
		3D0406BA08BD198B000CFEC9 /* ppc_disasm.c in Sources */ = {isa = PBXBuildFile; fileRef = 3D0406B908BD198B000CFEC9 /* ppc_disasm.c */; };
		3DE55CFE07F5CBC50046B497 /* DocumentBinary.icns in Resources */ = {isa = PBXBuildFile; fileRef = 3DE55CFC07F5CBC50046B497 /* DocumentBinary.icns */; };
		3DE55CFF07F5CBC50046B497 /* DocumentText.icns in Resources */ = {isa = PBXBuildFile; fileRef = 3DE55CFD07F5CBC50046B497 /* DocumentText.icns */; };
		3DEA78EC07354D4000F21B22 /* pentagram.icns in Resources */ = {isa = PBXBuildFile; fileRef = 3DEA78EB07354D4000F21B22 /* pentagram.icns */; };
		3DFAAE1B06EFD3EF00753EF0 /* HexEdit_Prefix.h in Headers */ = {isa = PBXBuildFile; fileRef = 32BAE0B00371A5F400C91783 /* HexEdit_Prefix.h */; };
		3DFAAE1C06EFD3EF00753EF0 /* AboutBox.h in Headers */ = {isa = PBXBuildFile; fileRef = F0FB35A305BC263500673008 /* AboutBox.h */; };
		3DFAAE1D06EFD3EF00753EF0 /* AECompareSuite.h in Headers */ = {isa = PBXBuildFile; fileRef = F0FB35A405BC263500673008 /* AECompareSuite.h */; };
		3DFAAE1E06EFD3EF00753EF0 /* EditRoutines.h in Headers */ = {isa = PBXBuildFile; fileRef = F0FB35A605BC263500673008 /* EditRoutines.h */; };
		3DFAAE1F06EFD3EF00753EF0 /* EditScrollbar.h in Headers */ = {isa = PBXBuildFile; fileRef = F0FB35A805BC263500673008 /* EditScrollbar.h */; };
		3DFAAE2006EFD3EF00753EF0 /* EditWindow.h in Headers */ = {isa = PBXBuildFile; fileRef = F0FB35AA05BC263500673008 /* EditWindow.h */; };
		3DFAAE2106EFD3EF00753EF0 /* HexCompare.h in Headers */ = {isa = PBXBuildFile; fileRef = F0FB35AC05BC263500673008 /* HexCompare.h */; };
		3DFAAE2206EFD3EF00753EF0 /* HexEdit.h in Headers */ = {isa = PBXBuildFile; fileRef = F0FB35AD05BC263500673008 /* HexEdit.h */; };
		3DFAAE2306EFD3EF00753EF0 /* HexSearch.h in Headers */ = {isa = PBXBuildFile; fileRef = F0FB35AF05BC263500673008 /* HexSearch.h */; };
		3DFAAE2406EFD3EF00753EF0 /* main.h in Headers */ = {isa = PBXBuildFile; fileRef = F0FB35B105BC263500673008 /* main.h */; };
		3DFAAE2506EFD3EF00753EF0 /* Menus.h in Headers */ = {isa = PBXBuildFile; fileRef = F0FB35B305BC263500673008 /* Menus.h */; };
		3DFAAE2606EFD3EF00753EF0 /* ObjectWindow.h in Headers */ = {isa = PBXBuildFile; fileRef = F0FB35B505BC263500673008 /* ObjectWindow.h */; };
		3DFAAE2706EFD3EF00753EF0 /* Prefs.h in Headers */ = {isa = PBXBuildFile; fileRef = F0FB35B705BC263500673008 /* Prefs.h */; };
		3DFAAE2806EFD3EF00753EF0 /* Utility.h in Headers */ = {isa = PBXBuildFile; fileRef = F0FB35B905BC263500673008 /* Utility.h */; };
		3DFAAE2A06EFD3EF00753EF0 /* InfoPlist.strings in Resources */ = {isa = PBXBuildFile; fileRef = 0867D6AAFE840B52C02AAC07 /* InfoPlist.strings */; };
		3DFAAE2D06EFD3EF00753EF0 /* AboutBox.c in Sources */ = {isa = PBXBuildFile; fileRef = F0FB35A205BC263500673008 /* AboutBox.c */; };
		3DFAAE2E06EFD3EF00753EF0 /* EditRoutines.c in Sources */ = {isa = PBXBuildFile; fileRef = F0FB35A505BC263500673008 /* EditRoutines.c */; };
		3DFAAE2F06EFD3EF00753EF0 /* EditScrollbar.c in Sources */ = {isa = PBXBuildFile; fileRef = F0FB35A705BC263500673008 /* EditScrollbar.c */; };
		3DFAAE3006EFD3EF00753EF0 /* EditWindow.c in Sources */ = {isa = PBXBuildFile; fileRef = F0FB35A905BC263500673008 /* EditWindow.c */; };
		3DFAAE3106EFD3EF00753EF0 /* HexCompare.c in Sources */ = {isa = PBXBuildFile; fileRef = F0FB35AB05BC263500673008 /* HexCompare.c */; };
		3DFAAE3206EFD3EF00753EF0 /* HexSearch.c in Sources */ = {isa = PBXBuildFile; fileRef = F0FB35AE05BC263500673008 /* HexSearch.c */; };
		3DFAAE3306EFD3EF00753EF0 /* main.c in Sources */ = {isa = PBXBuildFile; fileRef = F0FB35B005BC263500673008 /* main.c */; };
		3DFAAE3406EFD3EF00753EF0 /* Menus.c in Sources */ = {isa = PBXBuildFile; fileRef = F0FB35B205BC263500673008 /* Menus.c */; };
		3DFAAE3506EFD3EF00753EF0 /* ObjectWindow.c in Sources */ = {isa = PBXBuildFile; fileRef = F0FB35B405BC263500673008 /* ObjectWindow.c */; };
		3DFAAE3606EFD3EF00753EF0 /* Prefs.c in Sources */ = {isa = PBXBuildFile; fileRef = F0FB35B605BC263500673008 /* Prefs.c */; };
		3DFAAE3706EFD3EF00753EF0 /* UtilFuncs.c in Sources */ = {isa = PBXBuildFile; fileRef = F0FB35B805BC263500673008 /* UtilFuncs.c */; };
		3DFAAE3906EFD3EF00753EF0 /* Carbon.framework in Frameworks */ = {isa = PBXBuildFile; fileRef = 20286C33FDCF999611CA2CEA /* Carbon.framework */; };
		3DFAAE3C06EFD3EF00753EF0 /* HexEdit.rsrc in Rez */ = {isa = PBXBuildFile; fileRef = F0FB35D205BC26B200673008 /* HexEdit.rsrc */; };
		3DFAAE3D06EFD3EF00753EF0 /* About.rsrc in Rez */ = {isa = PBXBuildFile; fileRef = F0FB35D405BC26CA00673008 /* About.rsrc */; };
		3DFAAE3E06EFD3EF00753EF0 /* Colors.rsrc in Rez */ = {isa = PBXBuildFile; fileRef = F0FB35D605BC26D900673008 /* Colors.rsrc */; };
		3DFAAE3F06EFD3EF00753EF0 /* Version.rsrc in Rez */ = {isa = PBXBuildFile; fileRef = F0FB35D805BC26DF00673008 /* Version.rsrc */; };
		3DFAAE4006EFD3EF00753EF0 /* VOODOO.rsrc in Rez */ = {isa = PBXBuildFile; fileRef = F0FB35DA05BC26E400673008 /* VOODOO.rsrc */; };
		3DFAAE4206EFD3EF00753EF0 /* Pentagram.rsrc in Rez */ = {isa = PBXBuildFile; fileRef = F0FB35DE05BC26FC00673008 /* Pentagram.rsrc */; };
		F2401B010D4D5130001405FC /* carb.r in Rez */ = {isa = PBXBuildFile; fileRef = F2401B000D4D5130001405FC /* carb.r */; };
/* End PBXBuildFile section */

/* Begin PBXBuildRule section */
		3D0406A908BD1940000CFEC9 /* PBXBuildRule */ = {
			isa = PBXBuildRule;
			compilerSpec = com.apple.compilers.gcc;
			fileType = sourcecode.c;
			isEditable = 1;
			outputFiles = (
			);
		};
/* End PBXBuildRule section */

/* Begin PBXFileReference section */
		0640BAA4FFF0323A11CA0E50 /* ApplicationServices.framework */ = {isa = PBXFileReference; lastKnownFileType = wrapper.framework; name = ApplicationServices.framework; path = /System/Library/Frameworks/ApplicationServices.framework; sourceTree = "<absolute>"; };
		0640BAA5FFF0323A11CA0E50 /* CoreServices.framework */ = {isa = PBXFileReference; lastKnownFileType = wrapper.framework; name = CoreServices.framework; path = /System/Library/Frameworks/CoreServices.framework; sourceTree = "<absolute>"; };
		0867D6ABFE840B52C02AAC07 /* English */ = {isa = PBXFileReference; fileEncoding = 10; lastKnownFileType = text.plist.strings; name = English; path = English.lproj/InfoPlist.strings; sourceTree = "<group>"; };
		20286C33FDCF999611CA2CEA /* Carbon.framework */ = {isa = PBXFileReference; lastKnownFileType = wrapper.framework; name = Carbon.framework; path = /System/Library/Frameworks/Carbon.framework; sourceTree = "<absolute>"; };
		32BAE0B00371A5F400C91783 /* HexEdit_Prefix.h */ = {isa = PBXFileReference; fileEncoding = 4; lastKnownFileType = sourcecode.c.h; path = HexEdit_Prefix.h; sourceTree = "<group>"; };
		3D0406B908BD198B000CFEC9 /* ppc_disasm.c */ = {isa = PBXFileReference; fileEncoding = 30; lastKnownFileType = sourcecode.c.c; name = ppc_disasm.c; path = Source/ppc_disasm.c; sourceTree = "<group>"; };
		3DE55CFC07F5CBC50046B497 /* DocumentBinary.icns */ = {isa = PBXFileReference; lastKnownFileType = image.icns; name = DocumentBinary.icns; path = Resources/Icons/DocumentBinary.icns; sourceTree = "<group>"; };
		3DE55CFD07F5CBC50046B497 /* DocumentText.icns */ = {isa = PBXFileReference; lastKnownFileType = image.icns; name = DocumentText.icns; path = Resources/Icons/DocumentText.icns; sourceTree = "<group>"; };
		3DEA78EB07354D4000F21B22 /* pentagram.icns */ = {isa = PBXFileReference; lastKnownFileType = image.icns; name = pentagram.icns; path = Resources/Icons/pentagram.icns; sourceTree = "<group>"; };
		3DFAAE4406EFD3EF00753EF0 /* Info-HexEdit.plist */ = {isa = PBXFileReference; lastKnownFileType = text.xml; path = "Info-HexEdit.plist"; sourceTree = "<group>"; };
		3DFAAE4506EFD3EF00753EF0 /* HexEdit.app */ = {isa = PBXFileReference; explicitFileType = wrapper.application; includeInIndex = 0; path = HexEdit.app; sourceTree = BUILT_PRODUCTS_DIR; };
		F0FB35A205BC263500673008 /* AboutBox.c */ = {isa = PBXFileReference; fileEncoding = 30; lastKnownFileType = sourcecode.c.c; name = AboutBox.c; path = Source/AboutBox.c; sourceTree = "<group>"; };
		F0FB35A305BC263500673008 /* AboutBox.h */ = {isa = PBXFileReference; fileEncoding = 30; lastKnownFileType = sourcecode.c.h; name = AboutBox.h; path = Source/AboutBox.h; sourceTree = "<group>"; };
		F0FB35A405BC263500673008 /* AECompareSuite.h */ = {isa = PBXFileReference; fileEncoding = 30; lastKnownFileType = sourcecode.c.h; name = AECompareSuite.h; path = Source/AECompareSuite.h; sourceTree = "<group>"; };
		F0FB35A505BC263500673008 /* EditRoutines.c */ = {isa = PBXFileReference; fileEncoding = 30; lastKnownFileType = sourcecode.c.c; name = EditRoutines.c; path = Source/EditRoutines.c; sourceTree = "<group>"; };
		F0FB35A605BC263500673008 /* EditRoutines.h */ = {isa = PBXFileReference; fileEncoding = 30; lastKnownFileType = sourcecode.c.h; name = EditRoutines.h; path = Source/EditRoutines.h; sourceTree = "<group>"; };
		F0FB35A705BC263500673008 /* EditScrollbar.c */ = {isa = PBXFileReference; fileEncoding = 30; lastKnownFileType = sourcecode.c.c; name = EditScrollbar.c; path = Source/EditScrollbar.c; sourceTree = "<group>"; };
		F0FB35A805BC263500673008 /* EditScrollbar.h */ = {isa = PBXFileReference; fileEncoding = 30; lastKnownFileType = sourcecode.c.h; name = EditScrollbar.h; path = Source/EditScrollbar.h; sourceTree = "<group>"; };
		F0FB35A905BC263500673008 /* EditWindow.c */ = {isa = PBXFileReference; fileEncoding = 30; lastKnownFileType = sourcecode.c.c; name = EditWindow.c; path = Source/EditWindow.c; sourceTree = "<group>"; };
		F0FB35AA05BC263500673008 /* EditWindow.h */ = {isa = PBXFileReference; fileEncoding = 30; lastKnownFileType = sourcecode.c.h; name = EditWindow.h; path = Source/EditWindow.h; sourceTree = "<group>"; };
		F0FB35AB05BC263500673008 /* HexCompare.c */ = {isa = PBXFileReference; fileEncoding = 30; lastKnownFileType = sourcecode.c.c; name = HexCompare.c; path = Source/HexCompare.c; sourceTree = "<group>"; };
		F0FB35AC05BC263500673008 /* HexCompare.h */ = {isa = PBXFileReference; fileEncoding = 30; lastKnownFileType = sourcecode.c.h; name = HexCompare.h; path = Source/HexCompare.h; sourceTree = "<group>"; };
		F0FB35AD05BC263500673008 /* HexEdit.h */ = {isa = PBXFileReference; fileEncoding = 30; lastKnownFileType = sourcecode.c.h; name = HexEdit.h; path = Source/HexEdit.h; sourceTree = "<group>"; };
		F0FB35AE05BC263500673008 /* HexSearch.c */ = {isa = PBXFileReference; fileEncoding = 30; lastKnownFileType = sourcecode.c.c; name = HexSearch.c; path = Source/HexSearch.c; sourceTree = "<group>"; };
		F0FB35AF05BC263500673008 /* HexSearch.h */ = {isa = PBXFileReference; fileEncoding = 30; lastKnownFileType = sourcecode.c.h; name = HexSearch.h; path = Source/HexSearch.h; sourceTree = "<group>"; };
		F0FB35B005BC263500673008 /* main.c */ = {isa = PBXFileReference; fileEncoding = 30; lastKnownFileType = sourcecode.c.c; name = main.c; path = Source/main.c; sourceTree = "<group>"; };
		F0FB35B105BC263500673008 /* main.h */ = {isa = PBXFileReference; fileEncoding = 30; lastKnownFileType = sourcecode.c.h; name = main.h; path = Source/main.h; sourceTree = "<group>"; };
		F0FB35B205BC263500673008 /* Menus.c */ = {isa = PBXFileReference; fileEncoding = 30; lastKnownFileType = sourcecode.c.c; name = Menus.c; path = Source/Menus.c; sourceTree = "<group>"; };
		F0FB35B305BC263500673008 /* Menus.h */ = {isa = PBXFileReference; fileEncoding = 30; lastKnownFileType = sourcecode.c.h; name = Menus.h; path = Source/Menus.h; sourceTree = "<group>"; };
		F0FB35B405BC263500673008 /* ObjectWindow.c */ = {isa = PBXFileReference; fileEncoding = 30; lastKnownFileType = sourcecode.c.c; name = ObjectWindow.c; path = Source/ObjectWindow.c; sourceTree = "<group>"; };
		F0FB35B505BC263500673008 /* ObjectWindow.h */ = {isa = PBXFileReference; fileEncoding = 30; lastKnownFileType = sourcecode.c.h; name = ObjectWindow.h; path = Source/ObjectWindow.h; sourceTree = "<group>"; };
		F0FB35B605BC263500673008 /* Prefs.c */ = {isa = PBXFileReference; fileEncoding = 30; lastKnownFileType = sourcecode.c.c; name = Prefs.c; path = Source/Prefs.c; sourceTree = "<group>"; };
		F0FB35B705BC263500673008 /* Prefs.h */ = {isa = PBXFileReference; fileEncoding = 30; lastKnownFileType = sourcecode.c.h; name = Prefs.h; path = Source/Prefs.h; sourceTree = "<group>"; };
		F0FB35B805BC263500673008 /* UtilFuncs.c */ = {isa = PBXFileReference; fileEncoding = 30; lastKnownFileType = sourcecode.c.c; name = UtilFuncs.c; path = Source/UtilFuncs.c; sourceTree = "<group>"; };
		F0FB35B905BC263500673008 /* Utility.h */ = {isa = PBXFileReference; fileEncoding = 30; lastKnownFileType = sourcecode.c.h; name = Utility.h; path = Source/Utility.h; sourceTree = "<group>"; };
		F0FB35D205BC26B200673008 /* HexEdit.rsrc */ = {isa = PBXFileReference; lastKnownFileType = archive.rsrc; name = HexEdit.rsrc; path = Resources/HexEdit.rsrc; sourceTree = "<group>"; };
		F0FB35D405BC26CA00673008 /* About.rsrc */ = {isa = PBXFileReference; lastKnownFileType = archive.rsrc; name = About.rsrc; path = Resources/About.rsrc; sourceTree = "<group>"; };
		F0FB35D605BC26D900673008 /* Colors.rsrc */ = {isa = PBXFileReference; lastKnownFileType = archive.rsrc; name = Colors.rsrc; path = Resources/Colors.rsrc; sourceTree = "<group>"; };
		F0FB35D805BC26DF00673008 /* Version.rsrc */ = {isa = PBXFileReference; lastKnownFileType = archive.rsrc; name = Version.rsrc; path = Resources/Version.rsrc; sourceTree = "<group>"; };
		F0FB35DA05BC26E400673008 /* VOODOO.rsrc */ = {isa = PBXFileReference; lastKnownFileType = archive.rsrc; name = VOODOO.rsrc; path = Resources/VOODOO.rsrc; sourceTree = "<group>"; };
		F0FB35DE05BC26FC00673008 /* Pentagram.rsrc */ = {isa = PBXFileReference; lastKnownFileType = archive.rsrc; name = Pentagram.rsrc; path = Resources/Icons/Pentagram.rsrc; sourceTree = "<group>"; };
		F2401B000D4D5130001405FC /* carb.r */ = {isa = PBXFileReference; fileEncoding = 30; lastKnownFileType = sourcecode.rez; name = carb.r; path = Resources/carb.r; sourceTree = "<group>"; };
/* End PBXFileReference section */

/* Begin PBXFrameworksBuildPhase section */
		3DFAAE3806EFD3EF00753EF0 /* Frameworks */ = {
			isa = PBXFrameworksBuildPhase;
			buildActionMask = 2147483647;
			files = (
				3DFAAE3906EFD3EF00753EF0 /* Carbon.framework in Frameworks */,
			);
			runOnlyForDeploymentPostprocessing = 0;
		};
/* End PBXFrameworksBuildPhase section */

/* Begin PBXGroup section */
		195DF8C9FE9D4F0611CA2CBB /* Products */ = {
			isa = PBXGroup;
			children = (
				3DFAAE4506EFD3EF00753EF0 /* HexEdit.app */,
			);
			name = Products;
			sourceTree = "<group>";
		};
		20286C29FDCF999611CA2CEA /* ¬´PROJECTNAME¬ª */ = {
			isa = PBXGroup;
			children = (
				20286C2AFDCF999611CA2CEA /* Sources */,
				20286C2CFDCF999611CA2CEA /* Resources */,
				20286C32FDCF999611CA2CEA /* External Frameworks and Libraries */,
				195DF8C9FE9D4F0611CA2CBB /* Products */,
				3DFAAE4406EFD3EF00753EF0 /* Info-HexEdit.plist */,
			);
			name = "¬´PROJECTNAME¬ª";
			sourceTree = "<group>";
		};
		20286C2AFDCF999611CA2CEA /* Sources */ = {
			isa = PBXGroup;
			children = (
				32BAE0B00371A5F400C91783 /* HexEdit_Prefix.h */,
				F0FB35A305BC263500673008 /* AboutBox.h */,
				F0FB35A205BC263500673008 /* AboutBox.c */,
				F0FB35A405BC263500673008 /* AECompareSuite.h */,
				F0FB35A605BC263500673008 /* EditRoutines.h */,
				F0FB35A505BC263500673008 /* EditRoutines.c */,
				F0FB35A805BC263500673008 /* EditScrollbar.h */,
				F0FB35A705BC263500673008 /* EditScrollbar.c */,
				F0FB35AA05BC263500673008 /* EditWindow.h */,
				F0FB35A905BC263500673008 /* EditWindow.c */,
				F0FB35AC05BC263500673008 /* HexCompare.h */,
				F0FB35AB05BC263500673008 /* HexCompare.c */,
				F0FB35AD05BC263500673008 /* HexEdit.h */,
				F0FB35AF05BC263500673008 /* HexSearch.h */,
				F0FB35AE05BC263500673008 /* HexSearch.c */,
				F0FB35B105BC263500673008 /* main.h */,
				F0FB35B005BC263500673008 /* main.c */,
				F0FB35B305BC263500673008 /* Menus.h */,
				F0FB35B205BC263500673008 /* Menus.c */,
				F0FB35B505BC263500673008 /* ObjectWindow.h */,
				F0FB35B405BC263500673008 /* ObjectWindow.c */,
				3D0406B908BD198B000CFEC9 /* ppc_disasm.c */,
				F0FB35B705BC263500673008 /* Prefs.h */,
				F0FB35B605BC263500673008 /* Prefs.c */,
				F0FB35B905BC263500673008 /* Utility.h */,
				F0FB35B805BC263500673008 /* UtilFuncs.c */,
			);
			name = Sources;
			sourceTree = "<group>";
		};
		20286C2CFDCF999611CA2CEA /* Resources */ = {
			isa = PBXGroup;
			children = (
				F2401B000D4D5130001405FC /* carb.r */,
				F0FB35DE05BC26FC00673008 /* Pentagram.rsrc */,
				3DE55CFC07F5CBC50046B497 /* DocumentBinary.icns */,
				3DE55CFD07F5CBC50046B497 /* DocumentText.icns */,
				3DEA78EB07354D4000F21B22 /* pentagram.icns */,
				F0FB35D205BC26B200673008 /* HexEdit.rsrc */,
				F0FB35D405BC26CA00673008 /* About.rsrc */,
				F0FB35D605BC26D900673008 /* Colors.rsrc */,
				F0FB35D805BC26DF00673008 /* Version.rsrc */,
				F0FB35DA05BC26E400673008 /* VOODOO.rsrc */,
				0867D6AAFE840B52C02AAC07 /* InfoPlist.strings */,
			);
			name = Resources;
			sourceTree = "<group>";
		};
		20286C32FDCF999611CA2CEA /* External Frameworks and Libraries */ = {
			isa = PBXGroup;
			children = (
				20286C33FDCF999611CA2CEA /* Carbon.framework */,
				0640BAA4FFF0323A11CA0E50 /* ApplicationServices.framework */,
				0640BAA5FFF0323A11CA0E50 /* CoreServices.framework */,
			);
			name = "External Frameworks and Libraries";
			sourceTree = "<group>";
		};
/* End PBXGroup section */

/* Begin PBXHeadersBuildPhase section */
		3DFAAE1A06EFD3EF00753EF0 /* Headers */ = {
			isa = PBXHeadersBuildPhase;
			buildActionMask = 2147483647;
			files = (
				3DFAAE1B06EFD3EF00753EF0 /* HexEdit_Prefix.h in Headers */,
				3DFAAE1C06EFD3EF00753EF0 /* AboutBox.h in Headers */,
				3DFAAE1D06EFD3EF00753EF0 /* AECompareSuite.h in Headers */,
				3DFAAE1E06EFD3EF00753EF0 /* EditRoutines.h in Headers */,
				3DFAAE1F06EFD3EF00753EF0 /* EditScrollbar.h in Headers */,
				3DFAAE2006EFD3EF00753EF0 /* EditWindow.h in Headers */,
				3DFAAE2106EFD3EF00753EF0 /* HexCompare.h in Headers */,
				3DFAAE2206EFD3EF00753EF0 /* HexEdit.h in Headers */,
				3DFAAE2306EFD3EF00753EF0 /* HexSearch.h in Headers */,
				3DFAAE2406EFD3EF00753EF0 /* main.h in Headers */,
				3DFAAE2506EFD3EF00753EF0 /* Menus.h in Headers */,
				3DFAAE2606EFD3EF00753EF0 /* ObjectWindow.h in Headers */,
				3DFAAE2706EFD3EF00753EF0 /* Prefs.h in Headers */,
				3DFAAE2806EFD3EF00753EF0 /* Utility.h in Headers */,
			);
			runOnlyForDeploymentPostprocessing = 0;
		};
/* End PBXHeadersBuildPhase section */

/* Begin PBXNativeTarget section */
		3DFAAE1906EFD3EF00753EF0 /* HexEdit */ = {
			isa = PBXNativeTarget;
			buildConfigurationList = 3D04067C08BD17CE000CFEC9 /* Build configuration list for PBXNativeTarget "HexEdit" */;
			buildPhases = (
				3DFAAE1A06EFD3EF00753EF0 /* Headers */,
				3DFAAE2906EFD3EF00753EF0 /* Resources */,
				3DFAAE2C06EFD3EF00753EF0 /* Sources */,
				3DFAAE3806EFD3EF00753EF0 /* Frameworks */,
				3DFAAE3B06EFD3EF00753EF0 /* Rez */,
			);
			buildRules = (
				3D0406A908BD1940000CFEC9 /* PBXBuildRule */,
			);
			dependencies = (
			);
			name = HexEdit;
			productInstallPath = "$(HOME)/Applications";
			productName = "¬´PROJECTNAME¬ª";
			productReference = 3DFAAE4506EFD3EF00753EF0 /* HexEdit.app */;
			productType = "com.apple.product-type.application";
		};
/* End PBXNativeTarget section */

/* Begin PBXProject section */
		20286C28FDCF999611CA2CEA /* Project object */ = {
			isa = PBXProject;
			buildConfigurationList = 3D04068008BD17CE000CFEC9 /* Build configuration list for PBXProject "!HexEdit-2.4" */;
			hasScannedForEncodings = 1;
			mainGroup = 20286C29FDCF999611CA2CEA /* ¬´PROJECTNAME¬ª */;
			projectDirPath = "";
			targets = (
				3DFAAE1906EFD3EF00753EF0 /* HexEdit */,
			);
		};
/* End PBXProject section */

/* Begin PBXResourcesBuildPhase section */
		3DFAAE2906EFD3EF00753EF0 /* Resources */ = {
			isa = PBXResourcesBuildPhase;
			buildActionMask = 2147483647;
			files = (
				3DFAAE2A06EFD3EF00753EF0 /* InfoPlist.strings in Resources */,
				3DEA78EC07354D4000F21B22 /* pentagram.icns in Resources */,
				3DE55CFE07F5CBC50046B497 /* DocumentBinary.icns in Resources */,
				3DE55CFF07F5CBC50046B497 /* DocumentText.icns in Resources */,
			);
			runOnlyForDeploymentPostprocessing = 0;
		};
/* End PBXResourcesBuildPhase section */

/* Begin PBXRezBuildPhase section */
		3DFAAE3B06EFD3EF00753EF0 /* Rez */ = {
			isa = PBXRezBuildPhase;
			buildActionMask = 2147483647;
			files = (
				3DFAAE3C06EFD3EF00753EF0 /* HexEdit.rsrc in Rez */,
				3DFAAE3D06EFD3EF00753EF0 /* About.rsrc in Rez */,
				3DFAAE3E06EFD3EF00753EF0 /* Colors.rsrc in Rez */,
				3DFAAE3F06EFD3EF00753EF0 /* Version.rsrc in Rez */,
				3DFAAE4006EFD3EF00753EF0 /* VOODOO.rsrc in Rez */,
				3DFAAE4206EFD3EF00753EF0 /* Pentagram.rsrc in Rez */,
				F2401B010D4D5130001405FC /* carb.r in Rez */,
			);
			runOnlyForDeploymentPostprocessing = 0;
		};
/* End PBXRezBuildPhase section */

/* Begin PBXSourcesBuildPhase section */
		3DFAAE2C06EFD3EF00753EF0 /* Sources */ = {
			isa = PBXSourcesBuildPhase;
			buildActionMask = 2147483647;
			files = (
				3DFAAE2D06EFD3EF00753EF0 /* AboutBox.c in Sources */,
				3DFAAE2E06EFD3EF00753EF0 /* EditRoutines.c in Sources */,
				3DFAAE2F06EFD3EF00753EF0 /* EditScrollbar.c in Sources */,
				3DFAAE3006EFD3EF00753EF0 /* EditWindow.c in Sources */,
				3DFAAE3106EFD3EF00753EF0 /* HexCompare.c in Sources */,
				3DFAAE3206EFD3EF00753EF0 /* HexSearch.c in Sources */,
				3DFAAE3306EFD3EF00753EF0 /* main.c in Sources */,
				3DFAAE3406EFD3EF00753EF0 /* Menus.c in Sources */,
				3DFAAE3506EFD3EF00753EF0 /* ObjectWindow.c in Sources */,
				3DFAAE3606EFD3EF00753EF0 /* Prefs.c in Sources */,
				3DFAAE3706EFD3EF00753EF0 /* UtilFuncs.c in Sources */,
				3D0406BA08BD198B000CFEC9 /* ppc_disasm.c in Sources */,
			);
			runOnlyForDeploymentPostprocessing = 0;
		};
/* End PBXSourcesBuildPhase section */

/* Begin PBXVariantGroup section */
		0867D6AAFE840B52C02AAC07 /* InfoPlist.strings */ = {
			isa = PBXVariantGroup;
			children = (
				0867D6ABFE840B52C02AAC07 /* English */,
			);
			name = InfoPlist.strings;
			sourceTree = "<group>";
		};
/* End PBXVariantGroup section */

/* Begin XCBuildConfiguration section */
		3D04067D08BD17CE000CFEC9 /* Development */ = {
			isa = XCBuildConfiguration;
			buildSettings = {
				ARCHS = (
					ppc,
					i386,
				);
				COPY_PHASE_STRIP = NO;
				FRAMEWORK_SEARCH_PATHS = "";
				GCC_DYNAMIC_NO_PIC = NO;
				GCC_ENABLE_FIX_AND_CONTINUE = YES;
				GCC_GENERATE_DEBUGGING_SYMBOLS = YES;
				GCC_OPTIMIZATION_LEVEL = 0;
				GCC_PRECOMPILE_PREFIX_HEADER = YES;
				GCC_PREFIX_HEADER = HexEdit_Prefix.h;
				HEADER_SEARCH_PATHS = "";
				INFOPLIST_FILE = "Info-HexEdit.plist";
				INSTALL_PATH = "$(HOME)/Applications";
				LIBRARY_SEARCH_PATHS = "";
				OPTIMIZATION_CFLAGS = "-O0";
				OTHER_CFLAGS = "";
				OTHER_LDFLAGS = "";
				OTHER_REZFLAGS = "";
				PRODUCT_NAME = HexEdit;
				SDKROOT = /Developer/SDKs/MacOSX10.4u.sdk;
				SECTORDER_FLAGS = "";
				WARNING_CFLAGS = (
					"-Wmost",
					"-Wno-four-char-constants",
					"-Wno-unknown-pragmas",
				);
				WRAPPER_EXTENSION = app;
				ZERO_LINK = YES;
			};
			name = Development;
		};
		3D04067E08BD17CE000CFEC9 /* Deployment */ = {
			isa = XCBuildConfiguration;
			buildSettings = {
				ARCHS = (
					ppc,
					i386,
				);
				COPY_PHASE_STRIP = YES;
				FRAMEWORK_SEARCH_PATHS = "";
				GCC_ENABLE_FIX_AND_CONTINUE = NO;
				GCC_PRECOMPILE_PREFIX_HEADER = YES;
				GCC_PREFIX_HEADER = HexEdit_Prefix.h;
				HEADER_SEARCH_PATHS = "";
				INFOPLIST_FILE = "Info-HexEdit.plist";
				INSTALL_PATH = "$(HOME)/Applications";
				LIBRARY_SEARCH_PATHS = "";
				OTHER_CFLAGS = "";
				OTHER_LDFLAGS = "";
				OTHER_REZFLAGS = "";
				PRODUCT_NAME = HexEdit;
				SDKROOT = /Developer/SDKs/MacOSX10.4u.sdk;
				SECTORDER_FLAGS = "";
				WARNING_CFLAGS = (
					"-Wmost",
					"-Wno-four-char-constants",
					"-Wno-unknown-pragmas",
				);
				WRAPPER_EXTENSION = app;
				ZERO_LINK = NO;
			};
			name = Deployment;
		};
		3D04067F08BD17CE000CFEC9 /* Default */ = {
			isa = XCBuildConfiguration;
			buildSettings = {
				ARCHS = (
					ppc,
					i386,
				);
				FRAMEWORK_SEARCH_PATHS = "";
				GCC_PRECOMPILE_PREFIX_HEADER = YES;
				GCC_PREFIX_HEADER = HexEdit_Prefix.h;
				HEADER_SEARCH_PATHS = "";
				INFOPLIST_FILE = "Info-HexEdit.plist";
				INSTALL_PATH = "$(HOME)/Applications";
				LIBRARY_SEARCH_PATHS = "";
				OTHER_CFLAGS = "";
				OTHER_LDFLAGS = "";
				OTHER_REZFLAGS = "";
				PRODUCT_NAME = HexEdit;
				SDKROOT = /Developer/SDKs/MacOSX10.4u.sdk;
				SECTORDER_FLAGS = "";
				WARNING_CFLAGS = (
					"-Wmost",
					"-Wno-four-char-constants",
					"-Wno-unknown-pragmas",
				);
				WRAPPER_EXTENSION = app;
			};
			name = Default;
		};
		3D04068108BD17CE000CFEC9 /* Development */ = {
			isa = XCBuildConfiguration;
			buildSettings = {
				ARCHS = (
					"$(NATIVE_ARCH)",
					PPC,
				);
				MACOSX_DEPLOYMENT_TARGET = 10.1;
				SDKROOT = /Developer/SDKs/MacOSX10.1.5.sdk;
			};
			name = Development;
		};
		3D04068208BD17CE000CFEC9 /* Deployment */ = {
			isa = XCBuildConfiguration;
			buildSettings = {
				ARCHS = (
					"$(NATIVE_ARCH)",
					PPC,
				);
				MACOSX_DEPLOYMENT_TARGET = 10.1;
				SDKROOT = /Developer/SDKs/MacOSX10.1.5.sdk;
			};
			name = Deployment;
		};
		3D04068308BD17CE000CFEC9 /* Default */ = {
			isa = XCBuildConfiguration;
			buildSettings = {
				ARCHS = (
					"$(NATIVE_ARCH)",
					PPC,
				);
				MACOSX_DEPLOYMENT_TARGET = 10.1;
				SDKROOT = /Developer/SDKs/MacOSX10.1.5.sdk;
			};
			name = Default;
		};
/* End XCBuildConfiguration section */

/* Begin XCConfigurationList section */
		3D04067C08BD17CE000CFEC9 /* Build configuration list for PBXNativeTarget "HexEdit" */ = {
			isa = XCConfigurationList;
			buildConfigurations = (
				3D04067D08BD17CE000CFEC9 /* Development */,
				3D04067E08BD17CE000CFEC9 /* Deployment */,
				3D04067F08BD17CE000CFEC9 /* Default */,
			);
			defaultConfigurationIsVisible = 0;
			defaultConfigurationName = Development;
		};
		3D04068008BD17CE000CFEC9 /* Build configuration list for PBXProject "!HexEdit-2.4" */ = {
			isa = XCConfigurationList;
			buildConfigurations = (
				3D04068108BD17CE000CFEC9 /* Development */,
				3D04068208BD17CE000CFEC9 /* Deployment */,
				3D04068308BD17CE000CFEC9 /* Default */,
			);
			defaultConfigurationIsVisible = 0;
			defaultConfigurationName = Development;
		};
/* End XCConfigurationList section */
	};
	rootObject = 20286C28FDCF999611CA2CEA /* Project object */;
}
